
Microsoft Visual Studio Solution File, Format Version 12.00
# Visual Studio Version 16
VisualStudioVersion = 16.0.30523.141
MinimumVisualStudioVersion = 10.0.40219.1
Project("{FAE04EC0-301F-11D3-BF4B-00C04F79EFBC}") = "Mehno_Gavril_Lab5", "Mehno_Gavril_Lab5.csproj", "{F1D6DEA5-51E4-425D-89B6-D0E8CCA0D39E}"
EndProject
Global
	GlobalSection(SolutionConfigurationPlatforms) = preSolution
		Debug|Any CPU = Debug|Any CPU
		Release|Any CPU = Release|Any CPU
	EndGlobalSection
	GlobalSection(ProjectConfigurationPlatforms) = postSolution
		{F1D6DEA5-51E4-425D-89B6-D0E8CCA0D39E}.Debug|Any CPU.ActiveCfg = Debug|Any CPU
		{F1D6DEA5-51E4-425D-89B6-D0E8CCA0D39E}.Debug|Any CPU.Build.0 = Debug|Any CPU
		{F1D6DEA5-51E4-425D-89B6-D0E8CCA0D39E}.Release|Any CPU.ActiveCfg = Release|Any CPU
		{F1D6DEA5-51E4-425D-89B6-D0E8CCA0D39E}.Release|Any CPU.Build.0 = Release|Any CPU
	EndGlobalSection
	GlobalSection(SolutionProperties) = preSolution
		HideSolutionNode = FALSE
	EndGlobalSection
	GlobalSection(ExtensibilityGlobals) = postSolution
		SolutionGuid = {59C21509-11BF-47BF-A044-F93E68F9D50C}
	EndGlobalSection
EndGlobal
